{
  "name": "payment-service",
  "version": "1.0.0",
  "lockfileVersion": 3,
  "requires": true,
  "packages": {
    "": {
      "name": "payment-service",
      "version": "1.0.0",
      "dependencies": {
        "nexusevent-monorepo": "file:../.."
      }
    },
    "../..": {
      "name": "nexusevent-monorepo",
      "version": "1.0.0",
      "dependencies": {
        "axios": "^1.18.1",
        "bcryptjs": "^3.0.3",
        "concurrently": "^8.2.0",
        "express": "^5.2.1",
        "jsonwebtoken": "^9.0.3"
      }
    },
    "node_modules/nexusevent-monorepo": {
      "resolved": "../..",
      "link": true
    }
  }
}
