{
  "name": "notification-service",
  "version": "1.0.0",
  "lockfileVersion": 3,
  "requires": true,
  "packages": {
    "": {
      "name": "notification-service",
      "version": "1.0.0",
      "dependencies": {
        "nexusevent-monorepo": "file:../.."
      }
    },
    "../..": {
      "name": "nexusevent-monorepo",
      "version": "1.0.0",
      "dependencies": {
        "concurrently": "^8.2.0"
      }
    },
    "node_modules/nexusevent-monorepo": {
      "resolved": "../..",
      "link": true
    }
  }
}
